
Microsoft Visual Studio Solution File, Format Version 12.00
# Visual Studio Version 17
VisualStudioVersion = 17.11.35431.28
MinimumVisualStudioVersion = 10.0.40219.1
Project("{FAE04EC0-301F-11D3-BF4B-00C04F79EFBC}") = "registoclientes", "registoclientes.csproj", "{35806955-587D-4900-B94F-32798BC7184E}"
EndProject
Global
	GlobalSection(SolutionConfigurationPlatforms) = preSolution
		Debug|Any CPU = Debug|Any CPU
		Release|Any CPU = Release|Any CPU
	EndGlobalSection
	GlobalSection(ProjectConfigurationPlatforms) = postSolution
		{35806955-587D-4900-B94F-32798BC7184E}.Debug|Any CPU.ActiveCfg = Debug|Any CPU
		{35806955-587D-4900-B94F-32798BC7184E}.Debug|Any CPU.Build.0 = Debug|Any CPU
		{35806955-587D-4900-B94F-32798BC7184E}.Release|Any CPU.ActiveCfg = Release|Any CPU
		{35806955-587D-4900-B94F-32798BC7184E}.Release|Any CPU.Build.0 = Release|Any CPU
	EndGlobalSection
	GlobalSection(SolutionProperties) = preSolution
		HideSolutionNode = FALSE
	EndGlobalSection
	GlobalSection(ExtensibilityGlobals) = postSolution
		SolutionGuid = {781B41F2-0C33-455E-B06D-D0C06DD52296}
	EndGlobalSection
EndGlobal
